// !$*UTF8*$!
{
	archiveVersion = 1;
	classes = {
	};
	objectVersion = 46;
	objects = {

/* Begin PBXBuildFile section */
		021CA48B190EAB8B00F6B0D3 /* Foundation.framework in Frameworks */ = {isa = PBXBuildFile; fileRef = 021CA48A190EAB8B00F6B0D3 /* Foundation.framework */; };
		021CA48D190EAB8B00F6B0D3 /* CoreGraphics.framework in Frameworks */ = {isa = PBXBuildFile; fileRef = 021CA48C190EAB8B00F6B0D3 /* CoreGraphics.framework */; };
		021CA48F190EAB8B00F6B0D3 /* UIKit.framework in Frameworks */ = {isa = PBXBuildFile; fileRef = 021CA48E190EAB8B00F6B0D3 /* UIKit.framework */; };
		021CA495190EAB8B00F6B0D3 /* InfoPlist.strings in Resources */ = {isa = PBXBuildFile; fileRef = 021CA493190EAB8B00F6B0D3 /* InfoPlist.strings */; };
		021CA497190EAB8B00F6B0D3 /* main.m in Sources */ = {isa = PBXBuildFile; fileRef = 021CA496190EAB8B00F6B0D3 /* main.m */; };
		021CA49B190EAB8B00F6B0D3 /* RLAppDelegate.m in Sources */ = {isa = PBXBuildFile; fileRef = 021CA49A190EAB8B00F6B0D3 /* RLAppDelegate.m */; };
		021CA49E190EAB8B00F6B0D3 /* Main.storyboard in Resources */ = {isa = PBXBuildFile; fileRef = 021CA49C190EAB8B00F6B0D3 /* Main.storyboard */; };
		021CA4A1190EAB8B00F6B0D3 /* RLViewController.m in Sources */ = {isa = PBXBuildFile; fileRef = 021CA4A0190EAB8B00F6B0D3 /* RLViewController.m */; };
		021CA4A3190EAB8B00F6B0D3 /* Images.xcassets in Resources */ = {isa = PBXBuildFile; fileRef = 021CA4A2190EAB8B00F6B0D3 /* Images.xcassets */; };
		021CA4AA190EAB8C00F6B0D3 /* XCTest.framework in Frameworks */ = {isa = PBXBuildFile; fileRef = 021CA4A9190EAB8C00F6B0D3 /* XCTest.framework */; };
		021CA4AB190EAB8C00F6B0D3 /* Foundation.framework in Frameworks */ = {isa = PBXBuildFile; fileRef = 021CA48A190EAB8B00F6B0D3 /* Foundation.framework */; };
		021CA4AC190EAB8C00F6B0D3 /* UIKit.framework in Frameworks */ = {isa = PBXBuildFile; fileRef = 021CA48E190EAB8B00F6B0D3 /* UIKit.framework */; };
		021CA4B4190EAB8C00F6B0D3 /* InfoPlist.strings in Resources */ = {isa = PBXBuildFile; fileRef = 021CA4B2190EAB8C00F6B0D3 /* InfoPlist.strings */; };
		021CA4B6190EAB8C00F6B0D3 /* BingoTests.m in Sources */ = {isa = PBXBuildFile; fileRef = 021CA4B5190EAB8C00F6B0D3 /* BingoTests.m */; };
/* End PBXBuildFile section */

/* Begin PBXContainerItemProxy section */
		021CA4AD190EAB8C00F6B0D3 /* PBXContainerItemProxy */ = {
			isa = PBXContainerItemProxy;
			containerPortal = 021CA47F190EAB8B00F6B0D3 /* Project object */;
			proxyType = 1;
			remoteGlobalIDString = 021CA486190EAB8B00F6B0D3;
			remoteInfo = Bingo;
		};
/* End PBXContainerItemProxy section */

/* Begin PBXFileReference section */
		021CA487190EAB8B00F6B0D3 /* Bingo.app */ = {isa = PBXFileReference; explicitFileType = wrapper.application; includeInIndex = 0; path = Bingo.app; sourceTree = BUILT_PRODUCTS_DIR; };
		021CA48A190EAB8B00F6B0D3 /* Foundation.framework */ = {isa = PBXFileReference; lastKnownFileType = wrapper.framework; name = Foundation.framework; path = System/Library/Frameworks/Foundation.framework; sourceTree = SDKROOT; };
		021CA48C190EAB8B00F6B0D3 /* CoreGraphics.framework */ = {isa = PBXFileReference; lastKnownFileType = wrapper.framework; name = CoreGraphics.framework; path = System/Library/Frameworks/CoreGraphics.framework; sourceTree = SDKROOT; };
		021CA48E190EAB8B00F6B0D3 /* UIKit.framework */ = {isa = PBXFileReference; lastKnownFileType = wrapper.framework; name = UIKit.framework; path = System/Library/Frameworks/UIKit.framework; sourceTree = SDKROOT; };
		021CA492190EAB8B00F6B0D3 /* Bingo-Info.plist */ = {isa = PBXFileReference; lastKnownFileType = text.plist.xml; path = "Bingo-Info.plist"; sourceTree = "<group>"; };
		021CA494190EAB8B00F6B0D3 /* en */ = {isa = PBXFileReference; lastKnownFileType = text.plist.strings; name = en; path = en.lproj/InfoPlist.strings; sourceTree = "<group>"; };
		021CA496190EAB8B00F6B0D3 /* main.m */ = {isa = PBXFileReference; lastKnownFileType = sourcecode.c.objc; path = main.m; sourceTree = "<group>"; };
		021CA498190EAB8B00F6B0D3 /* Bingo-Prefix.pch */ = {isa = PBXFileReference; lastKnownFileType = sourcecode.c.h; path = "Bingo-Prefix.pch"; sourceTree = "<group>"; };
		021CA499190EAB8B00F6B0D3 /* RLAppDelegate.h */ = {isa = PBXFileReference; lastKnownFileType = sourcecode.c.h; path = RLAppDelegate.h; sourceTree = "<group>"; };
		021CA49A190EAB8B00F6B0D3 /* RLAppDelegate.m */ = {isa = PBXFileReference; lastKnownFileType = sourcecode.c.objc; path = RLAppDelegate.m; sourceTree = "<group>"; };
		021CA49D190EAB8B00F6B0D3 /* Base */ = {isa = PBXFileReference; lastKnownFileType = file.storyboard; name = Base; path = Base.lproj/Main.storyboard; sourceTree = "<group>"; };
		021CA49F190EAB8B00F6B0D3 /* RLViewController.h */ = {isa = PBXFileReference; lastKnownFileType = sourcecode.c.h; path = RLViewController.h; sourceTree = "<group>"; };
		021CA4A0190EAB8B00F6B0D3 /* RLViewController.m */ = {isa = PBXFileReference; lastKnownFileType = sourcecode.c.objc; path = RLViewController.m; sourceTree = "<group>"; };
		021CA4A2190EAB8B00F6B0D3 /* Images.xcassets */ = {isa = PBXFileReference; lastKnownFileType = folder.assetcatalog; path = Images.xcassets; sourceTree = "<group>"; };
		021CA4A8190EAB8C00F6B0D3 /* BingoTests.xctest */ = {isa = PBXFileReference; explicitFileType = wrapper.cfbundle; includeInIndex = 0; path = BingoTests.xctest; sourceTree = BUILT_PRODUCTS_DIR; };
		021CA4A9190EAB8C00F6B0D3 /* XCTest.framework */ = {isa = PBXFileReference; lastKnownFileType = wrapper.framework; name = XCTest.framework; path = Library/Frameworks/XCTest.framework; sourceTree = DEVELOPER_DIR; };
		021CA4B1190EAB8C00F6B0D3 /* BingoTests-Info.plist */ = {isa = PBXFileReference; lastKnownFileType = text.plist.xml; path = "BingoTests-Info.plist"; sourceTree = "<group>"; };
		021CA4B3190EAB8C00F6B0D3 /* en */ = {isa = PBXFileReference; lastKnownFileType = text.plist.strings; name = en; path = en.lproj/InfoPlist.strings; sourceTree = "<group>"; };
		021CA4B5190EAB8C00F6B0D3 /* BingoTests.m */ = {isa = PBXFileReference; lastKnownFileType = sourcecode.c.objc; path = BingoTests.m; sourceTree = "<group>"; };
/* End PBXFileReference section */

/* Begin PBXFrameworksBuildPhase section */
		021CA484190EAB8B00F6B0D3 /* Frameworks */ = {
			isa = PBXFrameworksBuildPhase;
			buildActionMask = 2147483647;
			files = (
				021CA48D190EAB8B00F6B0D3 /* CoreGraphics.framework in Frameworks */,
				021CA48F190EAB8B00F6B0D3 /* UIKit.framework in Frameworks */,
				021CA48B190EAB8B00F6B0D3 /* Foundation.framework in Frameworks */,
			);
			runOnlyForDeploymentPostprocessing = 0;
		};
		021CA4A5190EAB8C00F6B0D3 /* Frameworks */ = {
			isa = PBXFrameworksBuildPhase;
			buildActionMask = 2147483647;
			files = (
				021CA4AA190EAB8C00F6B0D3 /* XCTest.framework in Frameworks */,
				021CA4AC190EAB8C00F6B0D3 /* UIKit.framework in Frameworks */,
				021CA4AB190EAB8C00F6B0D3 /* Foundation.framework in Frameworks */,
			);
			runOnlyForDeploymentPostprocessing = 0;
		};
/* End PBXFrameworksBuildPhase section */

/* Begin PBXGroup section */
		021CA47E190EAB8B00F6B0D3 = {
			isa = PBXGroup;
			children = (
				021CA490190EAB8B00F6B0D3 /* Bingo */,
				021CA4AF190EAB8C00F6B0D3 /* BingoTests */,
				021CA489190EAB8B00F6B0D3 /* Frameworks */,
				021CA488190EAB8B00F6B0D3 /* Products */,
			);
			sourceTree = "<group>";
		};
		021CA488190EAB8B00F6B0D3 /* Products */ = {
			isa = PBXGroup;
			children = (
				021CA487190EAB8B00F6B0D3 /* Bingo.app */,
				021CA4A8190EAB8C00F6B0D3 /* BingoTests.xctest */,
			);
			name = Products;
			sourceTree = "<group>";
		};
		021CA489190EAB8B00F6B0D3 /* Frameworks */ = {
			isa = PBXGroup;
			children = (
				021CA48A190EAB8B00F6B0D3 /* Foundation.framework */,
				021CA48C190EAB8B00F6B0D3 /* CoreGraphics.framework */,
				021CA48E190EAB8B00F6B0D3 /* UIKit.framework */,
				021CA4A9190EAB8C00F6B0D3 /* XCTest.framework */,
			);
			name = Frameworks;
			sourceTree = "<group>";
		};
		021CA490190EAB8B00F6B0D3 /* Bingo */ = {
			isa = PBXGroup;
			children = (
				021CA499190EAB8B00F6B0D3 /* RLAppDelegate.h */,
				021CA49A190EAB8B00F6B0D3 /* RLAppDelegate.m */,
				021CA49C190EAB8B00F6B0D3 /* Main.storyboard */,
				021CA49F190EAB8B00F6B0D3 /* RLViewController.h */,
				021CA4A0190EAB8B00F6B0D3 /* RLViewController.m */,
				021CA4A2190EAB8B00F6B0D3 /* Images.xcassets */,
				021CA491190EAB8B00F6B0D3 /* Supporting Files */,
			);
			path = Bingo;
			sourceTree = "<group>";
		};
		021CA491190EAB8B00F6B0D3 /* Supporting Files */ = {
			isa = PBXGroup;
			children = (
				021CA492190EAB8B00F6B0D3 /* Bingo-Info.plist */,
				021CA493190EAB8B00F6B0D3 /* InfoPlist.strings */,
				021CA496190EAB8B00F6B0D3 /* main.m */,
				021CA498190EAB8B00F6B0D3 /* Bingo-Prefix.pch */,
			);
			name = "Supporting Files";
			sourceTree = "<group>";
		};
		021CA4AF190EAB8C00F6B0D3 /* BingoTests */ = {
			isa = PBXGroup;
			children = (
				021CA4B5190EAB8C00F6B0D3 /* BingoTests.m */,
				021CA4B0190EAB8C00F6B0D3 /* Supporting Files */,
			);
			path = BingoTests;
			sourceTree = "<group>";
		};
		021CA4B0190EAB8C00F6B0D3 /* Supporting Files */ = {
			isa = PBXGroup;
			children = (
				021CA4B1190EAB8C00F6B0D3 /* BingoTests-Info.plist */,
				021CA4B2190EAB8C00F6B0D3 /* InfoPlist.strings */,
			);
			name = "Supporting Files";
			sourceTree = "<group>";
		};
/* End PBXGroup section */

/* Begin PBXNativeTarget section */
		021CA486190EAB8B00F6B0D3 /* Bingo */ = {
			isa = PBXNativeTarget;
			buildConfigurationList = 021CA4B9190EAB8C00F6B0D3 /* Build configuration list for PBXNativeTarget "Bingo" */;
			buildPhases = (
				021CA483190EAB8B00F6B0D3 /* Sources */,
				021CA484190EAB8B00F6B0D3 /* Frameworks */,
				021CA485190EAB8B00F6B0D3 /* Resources */,
			);
			buildRules = (
			);
			dependencies = (
			);
			name = Bingo;
			productName = Bingo;
			productReference = 021CA487190EAB8B00F6B0D3 /* Bingo.app */;
			productType = "com.apple.product-type.application";
		};
		021CA4A7190EAB8C00F6B0D3 /* BingoTests */ = {
			isa = PBXNativeTarget;
			buildConfigurationList = 021CA4BC190EAB8C00F6B0D3 /* Build configuration list for PBXNativeTarget "BingoTests" */;
			buildPhases = (
				021CA4A4190EAB8C00F6B0D3 /* Sources */,
				021CA4A5190EAB8C00F6B0D3 /* Frameworks */,
				021CA4A6190EAB8C00F6B0D3 /* Resources */,
			);
			buildRules = (
			);
			dependencies = (
				021CA4AE190EAB8C00F6B0D3 /* PBXTargetDependency */,
			);
			name = BingoTests;
			productName = BingoTests;
			productReference = 021CA4A8190EAB8C00F6B0D3 /* BingoTests.xctest */;
			productType = "com.apple.product-type.bundle.unit-test";
		};
/* End PBXNativeTarget section */

/* Begin PBXProject section */
		021CA47F190EAB8B00F6B0D3 /* Project object */ = {
			isa = PBXProject;
			attributes = {
				CLASSPREFIX = RL;
				LastUpgradeCheck = 0510;
				ORGANIZATIONNAME = "Simon Ayzman";
				TargetAttributes = {
					021CA4A7190EAB8C00F6B0D3 = {
						TestTargetID = 021CA486190EAB8B00F6B0D3;
					};
				};
			};
			buildConfigurationList = 021CA482190EAB8B00F6B0D3 /* Build configuration list for PBXProject "Bingo" */;
			compatibilityVersion = "Xcode 3.2";
			developmentRegion = English;
			hasScannedForEncodings = 0;
			knownRegions = (
				en,
				Base,
			);
			mainGroup = 021CA47E190EAB8B00F6B0D3;
			productRefGroup = 021CA488190EAB8B00F6B0D3 /* Products */;
			projectDirPath = "";
			projectRoot = "";
			targets = (
				021CA486190EAB8B00F6B0D3 /* Bingo */,
				021CA4A7190EAB8C00F6B0D3 /* BingoTests */,
			);
		};
/* End PBXProject section */

/* Begin PBXResourcesBuildPhase section */
		021CA485190EAB8B00F6B0D3 /* Resources */ = {
			isa = PBXResourcesBuildPhase;
			buildActionMask = 2147483647;
			files = (
				021CA4A3190EAB8B00F6B0D3 /* Images.xcassets in Resources */,
				021CA495190EAB8B00F6B0D3 /* InfoPlist.strings in Resources */,
				021CA49E190EAB8B00F6B0D3 /* Main.storyboard in Resources */,
			);
			runOnlyForDeploymentPostprocessing = 0;
		};
		021CA4A6190EAB8C00F6B0D3 /* Resources */ = {
			isa = PBXResourcesBuildPhase;
			buildActionMask = 2147483647;
			files = (
				021CA4B4190EAB8C00F6B0D3 /* InfoPlist.strings in Resources */,
			);
			runOnlyForDeploymentPostprocessing = 0;
		};
/* End PBXResourcesBuildPhase section */

/* Begin PBXSourcesBuildPhase section */
		021CA483190EAB8B00F6B0D3 /* Sources */ = {
			isa = PBXSourcesBuildPhase;
			buildActionMask = 2147483647;
			files = (
				021CA49B190EAB8B00F6B0D3 /* RLAppDelegate.m in Sources */,
				021CA497190EAB8B00F6B0D3 /* main.m in Sources */,
				021CA4A1190EAB8B00F6B0D3 /* RLViewController.m in Sources */,
			);
			runOnlyForDeploymentPostprocessing = 0;
		};
		021CA4A4190EAB8C00F6B0D3 /* Sources */ = {
			isa = PBXSourcesBuildPhase;
			buildActionMask = 2147483647;
			files = (
				021CA4B6190EAB8C00F6B0D3 /* BingoTests.m in Sources */,
			);
			runOnlyForDeploymentPostprocessing = 0;
		};
/* End PBXSourcesBuildPhase section */

/* Begin PBXTargetDependency section */
		021CA4AE190EAB8C00F6B0D3 /* PBXTargetDependency */ = {
			isa = PBXTargetDependency;
			target = 021CA486190EAB8B00F6B0D3 /* Bingo */;
			targetProxy = 021CA4AD190EAB8C00F6B0D3 /* PBXContainerItemProxy */;
		};
/* End PBXTargetDependency section */

/* Begin PBXVariantGroup section */
		021CA493190EAB8B00F6B0D3 /* InfoPlist.strings */ = {
			isa = PBXVariantGroup;
			children = (
				021CA494190EAB8B00F6B0D3 /* en */,
			);
			name = InfoPlist.strings;
			sourceTree = "<group>";
		};
		021CA49C190EAB8B00F6B0D3 /* Main.storyboard */ = {
			isa = PBXVariantGroup;
			children = (
				021CA49D190EAB8B00F6B0D3 /* Base */,
			);
			name = Main.storyboard;
			sourceTree = "<group>";
		};
		021CA4B2190EAB8C00F6B0D3 /* InfoPlist.strings */ = {
			isa = PBXVariantGroup;
			children = (
				021CA4B3190EAB8C00F6B0D3 /* en */,
			);
			name = InfoPlist.strings;
			sourceTree = "<group>";
		};
/* End PBXVariantGroup section */

/* Begin XCBuildConfiguration section */
		021CA4B7190EAB8C00F6B0D3 /* Debug */ = {
			isa = XCBuildConfiguration;
			buildSettings = {
				ALWAYS_SEARCH_USER_PATHS = NO;
				CLANG_CXX_LANGUAGE_STANDARD = "gnu++0x";
				CLANG_CXX_LIBRARY = "libc++";
				CLANG_ENABLE_MODULES = YES;
				CLANG_ENABLE_OBJC_ARC = YES;
				CLANG_WARN_BOOL_CONVERSION = YES;
				CLANG_WARN_CONSTANT_CONVERSION = YES;
				CLANG_WARN_DIRECT_OBJC_ISA_USAGE = YES_ERROR;
				CLANG_WARN_EMPTY_BODY = YES;
				CLANG_WARN_ENUM_CONVERSION = YES;
				CLANG_WARN_INT_CONVERSION = YES;
				CLANG_WARN_OBJC_ROOT_CLASS = YES_ERROR;
				CLANG_WARN__DUPLICATE_METHOD_MATCH = YES;
				"CODE_SIGN_IDENTITY[sdk=iphoneos*]" = "iPhone Developer";
				COPY_PHASE_STRIP = NO;
				GCC_C_LANGUAGE_STANDARD = gnu99;
				GCC_DYNAMIC_NO_PIC = NO;
				GCC_OPTIMIZATION_LEVEL = 0;
				GCC_PREPROCESSOR_DEFINITIONS = (
					"DEBUG=1",
					"$(inherited)",
				);
				GCC_SYMBOLS_PRIVATE_EXTERN = NO;
				GCC_WARN_64_TO_32_BIT_CONVERSION = YES;
				GCC_WARN_ABOUT_RETURN_TYPE = YES_ERROR;
				GCC_WARN_UNDECLARED_SELECTOR = YES;
				GCC_WARN_UNINITIALIZED_AUTOS = YES_AGGRESSIVE;
				GCC_WARN_UNUSED_FUNCTION = YES;
				GCC_WARN_UNUSED_VARIABLE = YES;
				IPHONEOS_DEPLOYMENT_TARGET = 7.1;
				ONLY_ACTIVE_ARCH = YES;
				SDKROOT = iphoneos;
				TARGETED_DEVICE_FAMILY = 2;
			};
			name = Debug;
		};
		021CA4B8190EAB8C00F6B0D3 /* Release */ = {
			isa = XCBuildConfiguration;
			buildSettings = {
				ALWAYS_SEARCH_USER_PATHS = NO;
				CLANG_CXX_LANGUAGE_STANDARD = "gnu++0x";
				CLANG_CXX_LIBRARY = "libc++";
				CLANG_ENABLE_MODULES = YES;
				CLANG_ENABLE_OBJC_ARC = YES;
				CLANG_WARN_BOOL_CONVERSION = YES;
				CLANG_WARN_CONSTANT_CONVERSION = YES;
				CLANG_WARN_DIRECT_OBJC_ISA_USAGE = YES_ERROR;
				CLANG_WARN_EMPTY_BODY = YES;
				CLANG_WARN_ENUM_CONVERSION = YES;
				CLANG_WARN_INT_CONVERSION = YES;
				CLANG_WARN_OBJC_ROOT_CLASS = YES_ERROR;
				CLANG_WARN__DUPLICATE_METHOD_MATCH = YES;
				"CODE_SIGN_IDENTITY[sdk=iphoneos*]" = "iPhone Developer";
				COPY_PHASE_STRIP = YES;
				ENABLE_NS_ASSERTIONS = NO;
				GCC_C_LANGUAGE_STANDARD = gnu99;
				GCC_WARN_64_TO_32_BIT_CONVERSION = YES;
				GCC_WARN_ABOUT_RETURN_TYPE = YES_ERROR;
				GCC_WARN_UNDECLARED_SELECTOR = YES;
				GCC_WARN_UNINITIALIZED_AUTOS = YES_AGGRESSIVE;
				GCC_WARN_UNUSED_FUNCTION = YES;
				GCC_WARN_UNUSED_VARIABLE = YES;
				IPHONEOS_DEPLOYMENT_TARGET = 7.1;
				SDKROOT = iphoneos;
				TARGETED_DEVICE_FAMILY = 2;
				VALIDATE_PRODUCT = YES;
			};
			name = Release;
		};
		021CA4BA190EAB8C00F6B0D3 /* Debug */ = {
			isa = XCBuildConfiguration;
			buildSettings = {
				ASSETCATALOG_COMPILER_APPICON_NAME = AppIcon;
				ASSETCATALOG_COMPILER_LAUNCHIMAGE_NAME = LaunchImage;
				GCC_PRECOMPILE_PREFIX_HEADER = YES;
				GCC_PREFIX_HEADER = "Bingo/Bingo-Prefix.pch";
				INFOPLIST_FILE = "Bingo/Bingo-Info.plist";
				PRODUCT_NAME = "$(TARGET_NAME)";
				WRAPPER_EXTENSION = app;
			};
			name = Debug;
		};
		021CA4BB190EAB8C00F6B0D3 /* Release */ = {
			isa = XCBuildConfiguration;
			buildSettings = {
				ASSETCATALOG_COMPILER_APPICON_NAME = AppIcon;
				ASSETCATALOG_COMPILER_LAUNCHIMAGE_NAME = LaunchImage;
				GCC_PRECOMPILE_PREFIX_HEADER = YES;
				GCC_PREFIX_HEADER = "Bingo/Bingo-Prefix.pch";
				INFOPLIST_FILE = "Bingo/Bingo-Info.plist";
				PRODUCT_NAME = "$(TARGET_NAME)";
				WRAPPER_EXTENSION = app;
			};
			name = Release;
		};
		021CA4BD190EAB8C00F6B0D3 /* Debug */ = {
			isa = XCBuildConfiguration;
			buildSettings = {
				BUNDLE_LOADER = "$(BUILT_PRODUCTS_DIR)/Bingo.app/Bingo";
				FRAMEWORK_SEARCH_PATHS = (
					"$(SDKROOT)/Developer/Library/Frameworks",
					"$(inherited)",
					"$(DEVELOPER_FRAMEWORKS_DIR)",
				);
				GCC_PRECOMPILE_PREFIX_HEADER = YES;
				GCC_PREFIX_HEADER = "Bingo/Bingo-Prefix.pch";
				GCC_PREPROCESSOR_DEFINITIONS = (
					"DEBUG=1",
					"$(inherited)",
				);
				INFOPLIST_FILE = "BingoTests/BingoTests-Info.plist";
				PRODUCT_NAME = "$(TARGET_NAME)";
				TEST_HOST = "$(BUNDLE_LOADER)";
				WRAPPER_EXTENSION = xctest;
			};
			name = Debug;
		};
		021CA4BE190EAB8C00F6B0D3 /* Release */ = {
			isa = XCBuildConfiguration;
			buildSettings = {
				BUNDLE_LOADER = "$(BUILT_PRODUCTS_DIR)/Bingo.app/Bingo";
				FRAMEWORK_SEARCH_PATHS = (
					"$(SDKROOT)/Developer/Library/Frameworks",
					"$(inherited)",
					"$(DEVELOPER_FRAMEWORKS_DIR)",
				);
				GCC_PRECOMPILE_PREFIX_HEADER = YES;
				GCC_PREFIX_HEADER = "Bingo/Bingo-Prefix.pch";
				INFOPLIST_FILE = "BingoTests/BingoTests-Info.plist";
				PRODUCT_NAME = "$(TARGET_NAME)";
				TEST_HOST = "$(BUNDLE_LOADER)";
				WRAPPER_EXTENSION = xctest;
			};
			name = Release;
		};
/* End XCBuildConfiguration section */

/* Begin XCConfigurationList section */
		021CA482190EAB8B00F6B0D3 /* Build configuration list for PBXProject "Bingo" */ = {
			isa = XCConfigurationList;
			buildConfigurations = (
				021CA4B7190EAB8C00F6B0D3 /* Debug */,
				021CA4B8190EAB8C00F6B0D3 /* Release */,
			);
			defaultConfigurationIsVisible = 0;
			defaultConfigurationName = Release;
		};
		021CA4B9190EAB8C00F6B0D3 /* Build configuration list for PBXNativeTarget "Bingo" */ = {
			isa = XCConfigurationList;
			buildConfigurations = (
				021CA4BA190EAB8C00F6B0D3 /* Debug */,
				021CA4BB190EAB8C00F6B0D3 /* Release */,
			);
			defaultConfigurationIsVisible = 0;
		};
		021CA4BC190EAB8C00F6B0D3 /* Build configuration list for PBXNativeTarget "BingoTests" */ = {
			isa = XCConfigurationList;
			buildConfigurations = (
				021CA4BD190EAB8C00F6B0D3 /* Debug */,
				021CA4BE190EAB8C00F6B0D3 /* Release */,
			);
			defaultConfigurationIsVisible = 0;
		};
/* End XCConfigurationList section */
	};
	rootObject = 021CA47F190EAB8B00F6B0D3 /* Project object */;
}
